{
  "version": 4,
  "terraform_version": "0.12.6",
  "serial": 26,
  "lineage": "cdb05965-a355-2cfa-604c-f9f2ebe51332",
  "outputs": {},
  "resources": [
    {
      "mode": "managed",
      "type": "docker_container",
      "name": "foo",
      "provider": "provider.docker",
      "instances": [
        {
          "status": "tainted",
          "schema_version": 1,
          "attributes": {
            "attach": false,
            "bridge": "",
            "capabilities": [],
            "command": null,
            "container_logs": null,
            "cpu_set": null,
            "cpu_shares": null,
            "destroy_grace_seconds": null,
            "devices": [],
            "dns": null,
            "dns_opts": null,
            "dns_search": null,
            "domainname": null,
            "entrypoint": null,
            "env": null,
            "exit_code": null,
            "gateway": "172.17.0.1",
            "healthcheck": [],
            "host": [],
            "hostname": null,
            "id": "e1871409aeadbf57d6a2c6078c6cf3ba9d28b12ba72ad6e2178f9508246c1ff5",
            "image": "sha256:7d4b62482222fc67fe9f717f9ca28afeeb43f7030ced657600b2e35a18c5ab50",
            "ip_address": "172.17.0.2",
            "ip_prefix_length": 16,
            "labels": null,
            "links": null,
            "log_driver": "json-file",
            "log_opts": null,
            "logs": false,
            "max_retry_count": null,
            "memory": null,
            "memory_swap": null,
            "mounts": [],
            "must_run": true,
            "name": "foo",
            "network_alias": null,
            "network_data": [
              {
                "gateway": "172.17.0.1",
                "ip_address": "172.17.0.2",
                "ip_prefix_length": 16,
                "network_name": "bridge"
              }
            ],
            "network_mode": null,
            "networks": null,
            "networks_advanced": [],
            "pid_mode": null,
            "ports": [
              {
                "external": 80,
                "internal": 2368,
                "ip": "0.0.0.0",
                "protocol": "tcp"
              }
            ],
            "privileged": null,
            "publish_all_ports": null,
            "restart": "no",
            "rm": false,
            "start": true,
            "tmpfs": null,
            "ulimit": [],
            "upload": [],
            "user": null,
            "userns_mode": null,
            "volumes": []
          },
          "private": "eyJzY2hlbWFfdmVyc2lvbiI6IjEifQ==",
          "depends_on": [
            "docker_image.ghost"
          ]
        }
      ]
    },
    {
      "mode": "managed",
      "type": "docker_image",
      "name": "ghost",
      "provider": "provider.docker",
      "instances": [
        {
          "schema_version": 0,
          "attributes": {
            "id": "sha256:7d4b62482222fc67fe9f717f9ca28afeeb43f7030ced657600b2e35a18c5ab50ghost:latest",
            "keep_locally": null,
            "latest": "sha256:7d4b62482222fc67fe9f717f9ca28afeeb43f7030ced657600b2e35a18c5ab50",
            "name": "ghost:latest",
            "pull_trigger": null,
            "pull_triggers": null
          },
          "private": "bnVsbA=="
        }
      ]
    }
  ]
}
